
Microsoft Visual Studio Solution File, Format Version 12.00
Project("{FAE04EC0-301F-11D3-BF4B-00C04F79EFBC}") = "LoggingBestPractices.Benchmarks", "LoggingBestPractices.Benchmarks\LoggingBestPractices.Benchmarks.csproj", "{D16A5A11-8BBB-47AF-AE78-A0183B212885}"
EndProject
Project("{FAE04EC0-301F-11D3-BF4B-00C04F79EFBC}") = "LoggingBestPractices.MicrosoftDefaultLogging", "LoggingBestPractices.MicrosoftDefaultLogging\LoggingBestPractices.MicrosoftDefaultLogging.csproj", "{C58ADD80-311A-4C52-89A0-173130084A7C}"
EndProject
Project("{FAE04EC0-301F-11D3-BF4B-00C04F79EFBC}") = "LoggingBestPractices.Serilogging", "LoggingBestPractices.Serilogging\LoggingBestPractices.Serilogging.csproj", "{C243CC05-2A07-487F-8ADD-DF8078225C52}"
EndProject
Project("{FAE04EC0-301F-11D3-BF4B-00C04F79EFBC}") = "Configurations", "Configurations\Configurations.csproj", "{8DA5D285-BDBB-4EA0-8743-A4F56A6B4B2F}"
EndProject
Project("{2150E333-8FDC-42A3-9474-1A3956D46DE8}") = "MicrosoftLoggerConsoleApps", "MicrosoftLoggerConsoleApps", "{0659D4C5-0A42-46CA-A30C-ABACA7B610AC}"
EndProject
Project("{FAE04EC0-301F-11D3-BF4B-00C04F79EFBC}") = "ExecuteFixedMessageInformationConsoleMicrosoftLogger", "StudyCases\MicrosoftLoggerConsoleApps\ExecuteFixedMessageInformationConsoleMicrosoftLogger\ExecuteFixedMessageInformationConsoleMicrosoftLogger.csproj", "{41D80E96-E2C6-4073-B543-7948C7C3AEFF}"
EndProject
Project("{FAE04EC0-301F-11D3-BF4B-00C04F79EFBC}") = "ExecuteFixedMessageWarningEmptyMicrosoftLogger", "StudyCases\MicrosoftLoggerConsoleApps\ExecuteFixedMessageWarningEmptyMicrosoftLogger\ExecuteFixedMessageWarningEmptyMicrosoftLogger.csproj", "{BEC54776-19E0-405B-968D-BC59542AD201}"
EndProject
Global
	GlobalSection(SolutionConfigurationPlatforms) = preSolution
		Debug|Any CPU = Debug|Any CPU
		Release|Any CPU = Release|Any CPU
	EndGlobalSection
	GlobalSection(ProjectConfigurationPlatforms) = postSolution
		{D16A5A11-8BBB-47AF-AE78-A0183B212885}.Debug|Any CPU.ActiveCfg = Debug|Any CPU
		{D16A5A11-8BBB-47AF-AE78-A0183B212885}.Debug|Any CPU.Build.0 = Debug|Any CPU
		{D16A5A11-8BBB-47AF-AE78-A0183B212885}.Release|Any CPU.ActiveCfg = Release|Any CPU
		{D16A5A11-8BBB-47AF-AE78-A0183B212885}.Release|Any CPU.Build.0 = Release|Any CPU
		{C58ADD80-311A-4C52-89A0-173130084A7C}.Debug|Any CPU.ActiveCfg = Debug|Any CPU
		{C58ADD80-311A-4C52-89A0-173130084A7C}.Debug|Any CPU.Build.0 = Debug|Any CPU
		{C58ADD80-311A-4C52-89A0-173130084A7C}.Release|Any CPU.ActiveCfg = Release|Any CPU
		{C58ADD80-311A-4C52-89A0-173130084A7C}.Release|Any CPU.Build.0 = Release|Any CPU
		{C243CC05-2A07-487F-8ADD-DF8078225C52}.Debug|Any CPU.ActiveCfg = Debug|Any CPU
		{C243CC05-2A07-487F-8ADD-DF8078225C52}.Debug|Any CPU.Build.0 = Debug|Any CPU
		{C243CC05-2A07-487F-8ADD-DF8078225C52}.Release|Any CPU.ActiveCfg = Release|Any CPU
		{C243CC05-2A07-487F-8ADD-DF8078225C52}.Release|Any CPU.Build.0 = Release|Any CPU
		{8DA5D285-BDBB-4EA0-8743-A4F56A6B4B2F}.Debug|Any CPU.ActiveCfg = Debug|Any CPU
		{8DA5D285-BDBB-4EA0-8743-A4F56A6B4B2F}.Debug|Any CPU.Build.0 = Debug|Any CPU
		{8DA5D285-BDBB-4EA0-8743-A4F56A6B4B2F}.Release|Any CPU.ActiveCfg = Release|Any CPU
		{8DA5D285-BDBB-4EA0-8743-A4F56A6B4B2F}.Release|Any CPU.Build.0 = Release|Any CPU
		{41D80E96-E2C6-4073-B543-7948C7C3AEFF}.Debug|Any CPU.ActiveCfg = Debug|Any CPU
		{41D80E96-E2C6-4073-B543-7948C7C3AEFF}.Debug|Any CPU.Build.0 = Debug|Any CPU
		{41D80E96-E2C6-4073-B543-7948C7C3AEFF}.Release|Any CPU.ActiveCfg = Release|Any CPU
		{41D80E96-E2C6-4073-B543-7948C7C3AEFF}.Release|Any CPU.Build.0 = Release|Any CPU
		{BEC54776-19E0-405B-968D-BC59542AD201}.Debug|Any CPU.ActiveCfg = Debug|Any CPU
		{BEC54776-19E0-405B-968D-BC59542AD201}.Debug|Any CPU.Build.0 = Debug|Any CPU
		{BEC54776-19E0-405B-968D-BC59542AD201}.Release|Any CPU.ActiveCfg = Release|Any CPU
		{BEC54776-19E0-405B-968D-BC59542AD201}.Release|Any CPU.Build.0 = Release|Any CPU
	EndGlobalSection
	GlobalSection(NestedProjects) = preSolution
		{41D80E96-E2C6-4073-B543-7948C7C3AEFF} = {0659D4C5-0A42-46CA-A30C-ABACA7B610AC}
		{BEC54776-19E0-405B-968D-BC59542AD201} = {0659D4C5-0A42-46CA-A30C-ABACA7B610AC}
	EndGlobalSection
EndGlobal
