
Microsoft Visual Studio Solution File, Format Version 12.00
Project("{FAE04EC0-301F-11D3-BF4B-00C04F79EFBC}") = "LoggingBestPractices.Benchmarks", "LoggingBestPractices.Benchmarks\LoggingBestPractices.Benchmarks.csproj", "{D16A5A11-8BBB-47AF-AE78-A0183B212885}"
EndProject
Project("{FAE04EC0-301F-11D3-BF4B-00C04F79EFBC}") = "LoggingBestPractices.MicrosoftDefaultLogging", "LoggingBestPractices.MicrosoftDefaultLogging\LoggingBestPractices.MicrosoftDefaultLogging.csproj", "{C58ADD80-311A-4C52-89A0-173130084A7C}"
EndProject
Project("{FAE04EC0-301F-11D3-BF4B-00C04F79EFBC}") = "LoggingBestPractices.Serilogging", "LoggingBestPractices.Serilogging\LoggingBestPractices.Serilogging.csproj", "{C243CC05-2A07-487F-8ADD-DF8078225C52}"
EndProject
Global
	GlobalSection(SolutionConfigurationPlatforms) = preSolution
		Debug|Any CPU = Debug|Any CPU
		Release|Any CPU = Release|Any CPU
	EndGlobalSection
	GlobalSection(ProjectConfigurationPlatforms) = postSolution
		{D16A5A11-8BBB-47AF-AE78-A0183B212885}.Debug|Any CPU.ActiveCfg = Debug|Any CPU
		{D16A5A11-8BBB-47AF-AE78-A0183B212885}.Debug|Any CPU.Build.0 = Debug|Any CPU
		{D16A5A11-8BBB-47AF-AE78-A0183B212885}.Release|Any CPU.ActiveCfg = Release|Any CPU
		{D16A5A11-8BBB-47AF-AE78-A0183B212885}.Release|Any CPU.Build.0 = Release|Any CPU
		{C58ADD80-311A-4C52-89A0-173130084A7C}.Debug|Any CPU.ActiveCfg = Debug|Any CPU
		{C58ADD80-311A-4C52-89A0-173130084A7C}.Debug|Any CPU.Build.0 = Debug|Any CPU
		{C58ADD80-311A-4C52-89A0-173130084A7C}.Release|Any CPU.ActiveCfg = Release|Any CPU
		{C58ADD80-311A-4C52-89A0-173130084A7C}.Release|Any CPU.Build.0 = Release|Any CPU
		{C243CC05-2A07-487F-8ADD-DF8078225C52}.Debug|Any CPU.ActiveCfg = Debug|Any CPU
		{C243CC05-2A07-487F-8ADD-DF8078225C52}.Debug|Any CPU.Build.0 = Debug|Any CPU
		{C243CC05-2A07-487F-8ADD-DF8078225C52}.Release|Any CPU.ActiveCfg = Release|Any CPU
		{C243CC05-2A07-487F-8ADD-DF8078225C52}.Release|Any CPU.Build.0 = Release|Any CPU
	EndGlobalSection
EndGlobal
